
Microsoft Visual Studio Solution File, Format Version 12.00
# Visual Studio Version 16
VisualStudioVersion = 16.0.31321.278
MinimumVisualStudioVersion = 10.0.40219.1
Project("{8BC9CEB8-8B4A-11D0-8D11-00A0C91BC942}") = "firstproject", "firstproject\firstproject.vcxproj", "{3E507C92-D7FD-4607-A82E-C0685554704E}"
EndProject
Global
	GlobalSection(SolutionConfigurationPlatforms) = preSolution
		Debug|x64 = Debug|x64
		Debug|x86 = Debug|x86
		Release|x64 = Release|x64
		Release|x86 = Release|x86
	EndGlobalSection
	GlobalSection(ProjectConfigurationPlatforms) = postSolution
		{3E507C92-D7FD-4607-A82E-C0685554704E}.Debug|x64.ActiveCfg = Debug|x64
		{3E507C92-D7FD-4607-A82E-C0685554704E}.Debug|x64.Build.0 = Debug|x64
		{3E507C92-D7FD-4607-A82E-C0685554704E}.Debug|x86.ActiveCfg = Debug|Win32
		{3E507C92-D7FD-4607-A82E-C0685554704E}.Debug|x86.Build.0 = Debug|Win32
		{3E507C92-D7FD-4607-A82E-C0685554704E}.Release|x64.ActiveCfg = Release|x64
		{3E507C92-D7FD-4607-A82E-C0685554704E}.Release|x64.Build.0 = Release|x64
		{3E507C92-D7FD-4607-A82E-C0685554704E}.Release|x86.ActiveCfg = Release|Win32
		{3E507C92-D7FD-4607-A82E-C0685554704E}.Release|x86.Build.0 = Release|Win32
	EndGlobalSection
	GlobalSection(SolutionProperties) = preSolution
		HideSolutionNode = FALSE
	EndGlobalSection
	GlobalSection(ExtensibilityGlobals) = postSolution
		SolutionGuid = {8079925E-FFDA-4B7A-B23B-FA55D2B61BC5}
	EndGlobalSection
EndGlobal
